
Microsoft Visual Studio Solution File, Format Version 12.00
# Visual Studio Version 16
VisualStudioVersion = 16.0.30717.126
MinimumVisualStudioVersion = 10.0.40219.1
Project("{FAE04EC0-301F-11D3-BF4B-00C04F79EFBC}") = "ContagemSexo", "ContagemSexo\ContagemSexo.csproj", "{292F7D92-4AC2-44F0-885E-D3F01E0F096B}"
EndProject
Global
	GlobalSection(SolutionConfigurationPlatforms) = preSolution
		Debug|Any CPU = Debug|Any CPU
		Release|Any CPU = Release|Any CPU
	EndGlobalSection
	GlobalSection(ProjectConfigurationPlatforms) = postSolution
		{292F7D92-4AC2-44F0-885E-D3F01E0F096B}.Debug|Any CPU.ActiveCfg = Debug|Any CPU
		{292F7D92-4AC2-44F0-885E-D3F01E0F096B}.Debug|Any CPU.Build.0 = Debug|Any CPU
		{292F7D92-4AC2-44F0-885E-D3F01E0F096B}.Release|Any CPU.ActiveCfg = Release|Any CPU
		{292F7D92-4AC2-44F0-885E-D3F01E0F096B}.Release|Any CPU.Build.0 = Release|Any CPU
	EndGlobalSection
	GlobalSection(SolutionProperties) = preSolution
		HideSolutionNode = FALSE
	EndGlobalSection
	GlobalSection(ExtensibilityGlobals) = postSolution
		SolutionGuid = {C669CE24-7F00-4828-AAB0-85399FC86D05}
	EndGlobalSection
EndGlobal
